
Microsoft Visual Studio Solution File, Format Version 11.00
# Visual Studio 2010
Project("{FAE04EC0-301F-11D3-BF4B-00C04F79EFBC}") = "Assembly-CSharp", "Assembly-CSharp.csproj", "{34796A3A-CA63-047E-63DB-84898841222E}"
EndProject
Global
	GlobalSection(SolutionConfigurationPlatforms) = preSolution
		Debug|Any CPU = Debug|Any CPU
		Release|Any CPU = Release|Any CPU
	EndGlobalSection
	GlobalSection(ProjectConfigurationPlatforms) = postSolution
		{34796A3A-CA63-047E-63DB-84898841222E}.Debug|Any CPU.ActiveCfg = Debug|Any CPU
		{34796A3A-CA63-047E-63DB-84898841222E}.Debug|Any CPU.Build.0 = Debug|Any CPU
		{34796A3A-CA63-047E-63DB-84898841222E}.Release|Any CPU.ActiveCfg = Release|Any CPU
		{34796A3A-CA63-047E-63DB-84898841222E}.Release|Any CPU.Build.0 = Release|Any CPU
	EndGlobalSection
	GlobalSection(SolutionProperties) = preSolution
		HideSolutionNode = FALSE
	EndGlobalSection
	GlobalSection(MonoDevelopProperties) = preSolution
		StartupItem = Assembly-CSharp.csproj
	EndGlobalSection
EndGlobal
